
Microsoft Visual Studio Solution File, Format Version 12.00
Project("{FAE04EC0-301F-11D3-BF4B-00C04F79EFBC}") = "test", "test\test.csproj", "{BC3746D9-9949-48EE-B319-6E77DA7491DA}"
EndProject
Project("{FAE04EC0-301F-11D3-BF4B-00C04F79EFBC}") = "lib", "lib\lib.csproj", "{11E99C67-2C1B-445A-8BD4-859CCFF8F039}"
EndProject
Project("{FAE04EC0-301F-11D3-BF4B-00C04F79EFBC}") = "cardgen", "cardgen\cardgen.csproj", "{862691BC-4796-4C6D-9B91-DD4DDEEE3086}"
EndProject
Global
	GlobalSection(SolutionConfigurationPlatforms) = preSolution
		Debug|Any CPU = Debug|Any CPU
		Release|Any CPU = Release|Any CPU
	EndGlobalSection
	GlobalSection(ProjectConfigurationPlatforms) = postSolution
		{BC3746D9-9949-48EE-B319-6E77DA7491DA}.Debug|Any CPU.ActiveCfg = Debug|Any CPU
		{BC3746D9-9949-48EE-B319-6E77DA7491DA}.Debug|Any CPU.Build.0 = Debug|Any CPU
		{BC3746D9-9949-48EE-B319-6E77DA7491DA}.Release|Any CPU.ActiveCfg = Release|Any CPU
		{BC3746D9-9949-48EE-B319-6E77DA7491DA}.Release|Any CPU.Build.0 = Release|Any CPU
		{11E99C67-2C1B-445A-8BD4-859CCFF8F039}.Debug|Any CPU.ActiveCfg = Debug|Any CPU
		{11E99C67-2C1B-445A-8BD4-859CCFF8F039}.Debug|Any CPU.Build.0 = Debug|Any CPU
		{11E99C67-2C1B-445A-8BD4-859CCFF8F039}.Release|Any CPU.ActiveCfg = Release|Any CPU
		{11E99C67-2C1B-445A-8BD4-859CCFF8F039}.Release|Any CPU.Build.0 = Release|Any CPU
		{862691BC-4796-4C6D-9B91-DD4DDEEE3086}.Debug|Any CPU.ActiveCfg = Debug|Any CPU
		{862691BC-4796-4C6D-9B91-DD4DDEEE3086}.Debug|Any CPU.Build.0 = Debug|Any CPU
		{862691BC-4796-4C6D-9B91-DD4DDEEE3086}.Release|Any CPU.ActiveCfg = Release|Any CPU
		{862691BC-4796-4C6D-9B91-DD4DDEEE3086}.Release|Any CPU.Build.0 = Release|Any CPU
	EndGlobalSection
EndGlobal
